
Microsoft Visual Studio Solution File, Format Version 12.00
# Visual Studio Version 17
VisualStudioVersion = 17.4.33213.308
MinimumVisualStudioVersion = 10.0.40219.1
Project("{8BC9CEB8-8B4A-11D0-8D11-00A0C91BC942}") = "Practice23", "Practice23\Practice23.vcxproj", "{EAF3BF94-E6DC-4EB7-980F-55D0A463269E}"
EndProject
Global
	GlobalSection(SolutionConfigurationPlatforms) = preSolution
		Debug|x64 = Debug|x64
		Debug|x86 = Debug|x86
		Release|x64 = Release|x64
		Release|x86 = Release|x86
	EndGlobalSection
	GlobalSection(ProjectConfigurationPlatforms) = postSolution
		{EAF3BF94-E6DC-4EB7-980F-55D0A463269E}.Debug|x64.ActiveCfg = Debug|x64
		{EAF3BF94-E6DC-4EB7-980F-55D0A463269E}.Debug|x64.Build.0 = Debug|x64
		{EAF3BF94-E6DC-4EB7-980F-55D0A463269E}.Debug|x86.ActiveCfg = Debug|Win32
		{EAF3BF94-E6DC-4EB7-980F-55D0A463269E}.Debug|x86.Build.0 = Debug|Win32
		{EAF3BF94-E6DC-4EB7-980F-55D0A463269E}.Release|x64.ActiveCfg = Release|x64
		{EAF3BF94-E6DC-4EB7-980F-55D0A463269E}.Release|x64.Build.0 = Release|x64
		{EAF3BF94-E6DC-4EB7-980F-55D0A463269E}.Release|x86.ActiveCfg = Release|Win32
		{EAF3BF94-E6DC-4EB7-980F-55D0A463269E}.Release|x86.Build.0 = Release|Win32
	EndGlobalSection
	GlobalSection(SolutionProperties) = preSolution
		HideSolutionNode = FALSE
	EndGlobalSection
	GlobalSection(ExtensibilityGlobals) = postSolution
		SolutionGuid = {5126F8FC-0632-45C2-B625-82F77639C92D}
	EndGlobalSection
EndGlobal
